// !$*UTF8*$!
{
	archiveVersion = 1;
	classes = {
	};
	objectVersion = 46;
	objects = {

/* Begin PBXBuildFile section */
		80E3501A197162DF0026E8B4 /* AppDelegate.swift in Sources */ = {isa = PBXBuildFile; fileRef = 80E35019197162DF0026E8B4 /* AppDelegate.swift */; };
		80E3501F197162DF0026E8B4 /* Main.storyboard in Resources */ = {isa = PBXBuildFile; fileRef = 80E3501D197162DF0026E8B4 /* Main.storyboard */; };
		80E35021197162DF0026E8B4 /* Images.xcassets in Resources */ = {isa = PBXBuildFile; fileRef = 80E35020197162DF0026E8B4 /* Images.xcassets */; };
		80E3502D197162DF0026E8B4 /* CocoaFlickrTests.swift in Sources */ = {isa = PBXBuildFile; fileRef = 80E3502C197162DF0026E8B4 /* CocoaFlickrTests.swift */; };
		80E35037197163360026E8B4 /* FlickrFetcher.swift in Sources */ = {isa = PBXBuildFile; fileRef = 80E35036197163360026E8B4 /* FlickrFetcher.swift */; };
		80E35039197163E90026E8B4 /* AlbunsTableViewController.swift in Sources */ = {isa = PBXBuildFile; fileRef = 80E35038197163E90026E8B4 /* AlbunsTableViewController.swift */; };
		80E3503B1971740F0026E8B4 /* ListaFotosCollectionViewController.swift in Sources */ = {isa = PBXBuildFile; fileRef = 80E3503A1971740F0026E8B4 /* ListaFotosCollectionViewController.swift */; };
/* End PBXBuildFile section */

/* Begin PBXContainerItemProxy section */
		80E35027197162DF0026E8B4 /* PBXContainerItemProxy */ = {
			isa = PBXContainerItemProxy;
			containerPortal = 80E3500C197162DF0026E8B4 /* Project object */;
			proxyType = 1;
			remoteGlobalIDString = 80E35013197162DF0026E8B4;
			remoteInfo = CocoaFlickr;
		};
/* End PBXContainerItemProxy section */

/* Begin PBXFileReference section */
		80E35014197162DF0026E8B4 /* CocoaFlickr.app */ = {isa = PBXFileReference; explicitFileType = wrapper.application; includeInIndex = 0; path = CocoaFlickr.app; sourceTree = BUILT_PRODUCTS_DIR; };
		80E35018197162DF0026E8B4 /* Info.plist */ = {isa = PBXFileReference; lastKnownFileType = text.plist.xml; path = Info.plist; sourceTree = "<group>"; };
		80E35019197162DF0026E8B4 /* AppDelegate.swift */ = {isa = PBXFileReference; lastKnownFileType = sourcecode.swift; path = AppDelegate.swift; sourceTree = "<group>"; };
		80E3501E197162DF0026E8B4 /* Base */ = {isa = PBXFileReference; lastKnownFileType = file.storyboard; name = Base; path = Base.lproj/Main.storyboard; sourceTree = "<group>"; };
		80E35020197162DF0026E8B4 /* Images.xcassets */ = {isa = PBXFileReference; lastKnownFileType = folder.assetcatalog; path = Images.xcassets; sourceTree = "<group>"; };
		80E35026197162DF0026E8B4 /* CocoaFlickrTests.xctest */ = {isa = PBXFileReference; explicitFileType = wrapper.cfbundle; includeInIndex = 0; path = CocoaFlickrTests.xctest; sourceTree = BUILT_PRODUCTS_DIR; };
		80E3502B197162DF0026E8B4 /* Info.plist */ = {isa = PBXFileReference; lastKnownFileType = text.plist.xml; path = Info.plist; sourceTree = "<group>"; };
		80E3502C197162DF0026E8B4 /* CocoaFlickrTests.swift */ = {isa = PBXFileReference; lastKnownFileType = sourcecode.swift; path = CocoaFlickrTests.swift; sourceTree = "<group>"; };
		80E35036197163360026E8B4 /* FlickrFetcher.swift */ = {isa = PBXFileReference; fileEncoding = 4; lastKnownFileType = sourcecode.swift; name = FlickrFetcher.swift; path = ../FlickrFetcher.swift; sourceTree = "<group>"; };
		80E35038197163E90026E8B4 /* AlbunsTableViewController.swift */ = {isa = PBXFileReference; fileEncoding = 4; lastKnownFileType = sourcecode.swift; path = AlbunsTableViewController.swift; sourceTree = "<group>"; };
		80E3503A1971740F0026E8B4 /* ListaFotosCollectionViewController.swift */ = {isa = PBXFileReference; fileEncoding = 4; lastKnownFileType = sourcecode.swift; path = ListaFotosCollectionViewController.swift; sourceTree = "<group>"; };
/* End PBXFileReference section */

/* Begin PBXFrameworksBuildPhase section */
		80E35011197162DF0026E8B4 /* Frameworks */ = {
			isa = PBXFrameworksBuildPhase;
			buildActionMask = 2147483647;
			files = (
			);
			runOnlyForDeploymentPostprocessing = 0;
		};
		80E35023197162DF0026E8B4 /* Frameworks */ = {
			isa = PBXFrameworksBuildPhase;
			buildActionMask = 2147483647;
			files = (
			);
			runOnlyForDeploymentPostprocessing = 0;
		};
/* End PBXFrameworksBuildPhase section */

/* Begin PBXGroup section */
		80E3500B197162DF0026E8B4 = {
			isa = PBXGroup;
			children = (
				80E35016197162DF0026E8B4 /* CocoaFlickr */,
				80E35029197162DF0026E8B4 /* CocoaFlickrTests */,
				80E35015197162DF0026E8B4 /* Products */,
			);
			sourceTree = "<group>";
		};
		80E35015197162DF0026E8B4 /* Products */ = {
			isa = PBXGroup;
			children = (
				80E35014197162DF0026E8B4 /* CocoaFlickr.app */,
				80E35026197162DF0026E8B4 /* CocoaFlickrTests.xctest */,
			);
			name = Products;
			sourceTree = "<group>";
		};
		80E35016197162DF0026E8B4 /* CocoaFlickr */ = {
			isa = PBXGroup;
			children = (
				80E3501D197162DF0026E8B4 /* Main.storyboard */,
				80E3503A1971740F0026E8B4 /* ListaFotosCollectionViewController.swift */,
				80E35019197162DF0026E8B4 /* AppDelegate.swift */,
				80E35038197163E90026E8B4 /* AlbunsTableViewController.swift */,
				80E35036197163360026E8B4 /* FlickrFetcher.swift */,
				80E35020197162DF0026E8B4 /* Images.xcassets */,
				80E35017197162DF0026E8B4 /* Supporting Files */,
			);
			path = CocoaFlickr;
			sourceTree = "<group>";
		};
		80E35017197162DF0026E8B4 /* Supporting Files */ = {
			isa = PBXGroup;
			children = (
				80E35018197162DF0026E8B4 /* Info.plist */,
			);
			name = "Supporting Files";
			sourceTree = "<group>";
		};
		80E35029197162DF0026E8B4 /* CocoaFlickrTests */ = {
			isa = PBXGroup;
			children = (
				80E3502C197162DF0026E8B4 /* CocoaFlickrTests.swift */,
				80E3502A197162DF0026E8B4 /* Supporting Files */,
			);
			path = CocoaFlickrTests;
			sourceTree = "<group>";
		};
		80E3502A197162DF0026E8B4 /* Supporting Files */ = {
			isa = PBXGroup;
			children = (
				80E3502B197162DF0026E8B4 /* Info.plist */,
			);
			name = "Supporting Files";
			sourceTree = "<group>";
		};
/* End PBXGroup section */

/* Begin PBXNativeTarget section */
		80E35013197162DF0026E8B4 /* CocoaFlickr */ = {
			isa = PBXNativeTarget;
			buildConfigurationList = 80E35030197162DF0026E8B4 /* Build configuration list for PBXNativeTarget "CocoaFlickr" */;
			buildPhases = (
				80E35010197162DF0026E8B4 /* Sources */,
				80E35011197162DF0026E8B4 /* Frameworks */,
				80E35012197162DF0026E8B4 /* Resources */,
			);
			buildRules = (
			);
			dependencies = (
			);
			name = CocoaFlickr;
			productName = CocoaFlickr;
			productReference = 80E35014197162DF0026E8B4 /* CocoaFlickr.app */;
			productType = "com.apple.product-type.application";
		};
		80E35025197162DF0026E8B4 /* CocoaFlickrTests */ = {
			isa = PBXNativeTarget;
			buildConfigurationList = 80E35033197162DF0026E8B4 /* Build configuration list for PBXNativeTarget "CocoaFlickrTests" */;
			buildPhases = (
				80E35022197162DF0026E8B4 /* Sources */,
				80E35023197162DF0026E8B4 /* Frameworks */,
				80E35024197162DF0026E8B4 /* Resources */,
			);
			buildRules = (
			);
			dependencies = (
				80E35028197162DF0026E8B4 /* PBXTargetDependency */,
			);
			name = CocoaFlickrTests;
			productName = CocoaFlickrTests;
			productReference = 80E35026197162DF0026E8B4 /* CocoaFlickrTests.xctest */;
			productType = "com.apple.product-type.bundle.unit-test";
		};
/* End PBXNativeTarget section */

/* Begin PBXProject section */
		80E3500C197162DF0026E8B4 /* Project object */ = {
			isa = PBXProject;
			attributes = {
				LastUpgradeCheck = 0600;
				ORGANIZATIONNAME = "Swift Dojo";
				TargetAttributes = {
					80E35013197162DF0026E8B4 = {
						CreatedOnToolsVersion = 6.0;
					};
					80E35025197162DF0026E8B4 = {
						CreatedOnToolsVersion = 6.0;
						TestTargetID = 80E35013197162DF0026E8B4;
					};
				};
			};
			buildConfigurationList = 80E3500F197162DF0026E8B4 /* Build configuration list for PBXProject "CocoaFlickr" */;
			compatibilityVersion = "Xcode 3.2";
			developmentRegion = English;
			hasScannedForEncodings = 0;
			knownRegions = (
				en,
				Base,
			);
			mainGroup = 80E3500B197162DF0026E8B4;
			productRefGroup = 80E35015197162DF0026E8B4 /* Products */;
			projectDirPath = "";
			projectRoot = "";
			targets = (
				80E35013197162DF0026E8B4 /* CocoaFlickr */,
				80E35025197162DF0026E8B4 /* CocoaFlickrTests */,
			);
		};
/* End PBXProject section */

/* Begin PBXResourcesBuildPhase section */
		80E35012197162DF0026E8B4 /* Resources */ = {
			isa = PBXResourcesBuildPhase;
			buildActionMask = 2147483647;
			files = (
				80E3501F197162DF0026E8B4 /* Main.storyboard in Resources */,
				80E35021197162DF0026E8B4 /* Images.xcassets in Resources */,
			);
			runOnlyForDeploymentPostprocessing = 0;
		};
		80E35024197162DF0026E8B4 /* Resources */ = {
			isa = PBXResourcesBuildPhase;
			buildActionMask = 2147483647;
			files = (
			);
			runOnlyForDeploymentPostprocessing = 0;
		};
/* End PBXResourcesBuildPhase section */

/* Begin PBXSourcesBuildPhase section */
		80E35010197162DF0026E8B4 /* Sources */ = {
			isa = PBXSourcesBuildPhase;
			buildActionMask = 2147483647;
			files = (
				80E35037197163360026E8B4 /* FlickrFetcher.swift in Sources */,
				80E35039197163E90026E8B4 /* AlbunsTableViewController.swift in Sources */,
				80E3503B1971740F0026E8B4 /* ListaFotosCollectionViewController.swift in Sources */,
				80E3501A197162DF0026E8B4 /* AppDelegate.swift in Sources */,
			);
			runOnlyForDeploymentPostprocessing = 0;
		};
		80E35022197162DF0026E8B4 /* Sources */ = {
			isa = PBXSourcesBuildPhase;
			buildActionMask = 2147483647;
			files = (
				80E3502D197162DF0026E8B4 /* CocoaFlickrTests.swift in Sources */,
			);
			runOnlyForDeploymentPostprocessing = 0;
		};
/* End PBXSourcesBuildPhase section */

/* Begin PBXTargetDependency section */
		80E35028197162DF0026E8B4 /* PBXTargetDependency */ = {
			isa = PBXTargetDependency;
			target = 80E35013197162DF0026E8B4 /* CocoaFlickr */;
			targetProxy = 80E35027197162DF0026E8B4 /* PBXContainerItemProxy */;
		};
/* End PBXTargetDependency section */

/* Begin PBXVariantGroup section */
		80E3501D197162DF0026E8B4 /* Main.storyboard */ = {
			isa = PBXVariantGroup;
			children = (
				80E3501E197162DF0026E8B4 /* Base */,
			);
			name = Main.storyboard;
			sourceTree = "<group>";
		};
/* End PBXVariantGroup section */

/* Begin XCBuildConfiguration section */
		80E3502E197162DF0026E8B4 /* Debug */ = {
			isa = XCBuildConfiguration;
			buildSettings = {
				ALWAYS_SEARCH_USER_PATHS = NO;
				CLANG_CXX_LANGUAGE_STANDARD = "gnu++0x";
				CLANG_CXX_LIBRARY = "libc++";
				CLANG_ENABLE_MODULES = YES;
				CLANG_ENABLE_OBJC_ARC = YES;
				CLANG_WARN_BOOL_CONVERSION = YES;
				CLANG_WARN_CONSTANT_CONVERSION = YES;
				CLANG_WARN_DIRECT_OBJC_ISA_USAGE = YES_ERROR;
				CLANG_WARN_EMPTY_BODY = YES;
				CLANG_WARN_ENUM_CONVERSION = YES;
				CLANG_WARN_INT_CONVERSION = YES;
				CLANG_WARN_OBJC_ROOT_CLASS = YES_ERROR;
				CLANG_WARN_UNREACHABLE_CODE = YES;
				CLANG_WARN__DUPLICATE_METHOD_MATCH = YES;
				"CODE_SIGN_IDENTITY[sdk=iphoneos*]" = "iPhone Developer";
				COPY_PHASE_STRIP = NO;
				ENABLE_STRICT_OBJC_MSGSEND = YES;
				GCC_C_LANGUAGE_STANDARD = gnu99;
				GCC_DYNAMIC_NO_PIC = NO;
				GCC_OPTIMIZATION_LEVEL = 0;
				GCC_PREPROCESSOR_DEFINITIONS = (
					"DEBUG=1",
					"$(inherited)",
				);
				GCC_SYMBOLS_PRIVATE_EXTERN = NO;
				GCC_WARN_64_TO_32_BIT_CONVERSION = YES;
				GCC_WARN_ABOUT_RETURN_TYPE = YES_ERROR;
				GCC_WARN_UNDECLARED_SELECTOR = YES;
				GCC_WARN_UNINITIALIZED_AUTOS = YES_AGGRESSIVE;
				GCC_WARN_UNUSED_FUNCTION = YES;
				GCC_WARN_UNUSED_VARIABLE = YES;
				IPHONEOS_DEPLOYMENT_TARGET = 8.0;
				MTL_ENABLE_DEBUG_INFO = YES;
				ONLY_ACTIVE_ARCH = YES;
				SDKROOT = iphoneos;
				SWIFT_OPTIMIZATION_LEVEL = "-Onone";
				TARGETED_DEVICE_FAMILY = "1,2";
			};
			name = Debug;
		};
		80E3502F197162DF0026E8B4 /* Release */ = {
			isa = XCBuildConfiguration;
			buildSettings = {
				ALWAYS_SEARCH_USER_PATHS = NO;
				CLANG_CXX_LANGUAGE_STANDARD = "gnu++0x";
				CLANG_CXX_LIBRARY = "libc++";
				CLANG_ENABLE_MODULES = YES;
				CLANG_ENABLE_OBJC_ARC = YES;
				CLANG_WARN_BOOL_CONVERSION = YES;
				CLANG_WARN_CONSTANT_CONVERSION = YES;
				CLANG_WARN_DIRECT_OBJC_ISA_USAGE = YES_ERROR;
				CLANG_WARN_EMPTY_BODY = YES;
				CLANG_WARN_ENUM_CONVERSION = YES;
				CLANG_WARN_INT_CONVERSION = YES;
				CLANG_WARN_OBJC_ROOT_CLASS = YES_ERROR;
				CLANG_WARN_UNREACHABLE_CODE = YES;
				CLANG_WARN__DUPLICATE_METHOD_MATCH = YES;
				"CODE_SIGN_IDENTITY[sdk=iphoneos*]" = "iPhone Developer";
				COPY_PHASE_STRIP = YES;
				ENABLE_NS_ASSERTIONS = NO;
				ENABLE_STRICT_OBJC_MSGSEND = YES;
				GCC_C_LANGUAGE_STANDARD = gnu99;
				GCC_WARN_64_TO_32_BIT_CONVERSION = YES;
				GCC_WARN_ABOUT_RETURN_TYPE = YES_ERROR;
				GCC_WARN_UNDECLARED_SELECTOR = YES;
				GCC_WARN_UNINITIALIZED_AUTOS = YES_AGGRESSIVE;
				GCC_WARN_UNUSED_FUNCTION = YES;
				GCC_WARN_UNUSED_VARIABLE = YES;
				IPHONEOS_DEPLOYMENT_TARGET = 8.0;
				MTL_ENABLE_DEBUG_INFO = NO;
				SDKROOT = iphoneos;
				TARGETED_DEVICE_FAMILY = "1,2";
				VALIDATE_PRODUCT = YES;
			};
			name = Release;
		};
		80E35031197162DF0026E8B4 /* Debug */ = {
			isa = XCBuildConfiguration;
			buildSettings = {
				ASSETCATALOG_COMPILER_APPICON_NAME = AppIcon;
				ASSETCATALOG_COMPILER_LAUNCHIMAGE_NAME = LaunchImage;
				INFOPLIST_FILE = CocoaFlickr/Info.plist;
				LD_RUNPATH_SEARCH_PATHS = "$(inherited) @executable_path/Frameworks";
				PRODUCT_NAME = "$(TARGET_NAME)";
			};
			name = Debug;
		};
		80E35032197162DF0026E8B4 /* Release */ = {
			isa = XCBuildConfiguration;
			buildSettings = {
				ASSETCATALOG_COMPILER_APPICON_NAME = AppIcon;
				ASSETCATALOG_COMPILER_LAUNCHIMAGE_NAME = LaunchImage;
				INFOPLIST_FILE = CocoaFlickr/Info.plist;
				LD_RUNPATH_SEARCH_PATHS = "$(inherited) @executable_path/Frameworks";
				PRODUCT_NAME = "$(TARGET_NAME)";
			};
			name = Release;
		};
		80E35034197162DF0026E8B4 /* Debug */ = {
			isa = XCBuildConfiguration;
			buildSettings = {
				BUNDLE_LOADER = "$(BUILT_PRODUCTS_DIR)/CocoaFlickr.app/CocoaFlickr";
				FRAMEWORK_SEARCH_PATHS = (
					"$(SDKROOT)/Developer/Library/Frameworks",
					"$(inherited)",
				);
				GCC_PREPROCESSOR_DEFINITIONS = (
					"DEBUG=1",
					"$(inherited)",
				);
				INFOPLIST_FILE = CocoaFlickrTests/Info.plist;
				LD_RUNPATH_SEARCH_PATHS = "$(inherited) @executable_path/Frameworks @loader_path/Frameworks";
				PRODUCT_NAME = "$(TARGET_NAME)";
				TEST_HOST = "$(BUNDLE_LOADER)";
			};
			name = Debug;
		};
		80E35035197162DF0026E8B4 /* Release */ = {
			isa = XCBuildConfiguration;
			buildSettings = {
				BUNDLE_LOADER = "$(BUILT_PRODUCTS_DIR)/CocoaFlickr.app/CocoaFlickr";
				FRAMEWORK_SEARCH_PATHS = (
					"$(SDKROOT)/Developer/Library/Frameworks",
					"$(inherited)",
				);
				INFOPLIST_FILE = CocoaFlickrTests/Info.plist;
				LD_RUNPATH_SEARCH_PATHS = "$(inherited) @executable_path/Frameworks @loader_path/Frameworks";
				PRODUCT_NAME = "$(TARGET_NAME)";
				TEST_HOST = "$(BUNDLE_LOADER)";
			};
			name = Release;
		};
/* End XCBuildConfiguration section */

/* Begin XCConfigurationList section */
		80E3500F197162DF0026E8B4 /* Build configuration list for PBXProject "CocoaFlickr" */ = {
			isa = XCConfigurationList;
			buildConfigurations = (
				80E3502E197162DF0026E8B4 /* Debug */,
				80E3502F197162DF0026E8B4 /* Release */,
			);
			defaultConfigurationIsVisible = 0;
			defaultConfigurationName = Release;
		};
		80E35030197162DF0026E8B4 /* Build configuration list for PBXNativeTarget "CocoaFlickr" */ = {
			isa = XCConfigurationList;
			buildConfigurations = (
				80E35031197162DF0026E8B4 /* Debug */,
				80E35032197162DF0026E8B4 /* Release */,
			);
			defaultConfigurationIsVisible = 0;
		};
		80E35033197162DF0026E8B4 /* Build configuration list for PBXNativeTarget "CocoaFlickrTests" */ = {
			isa = XCConfigurationList;
			buildConfigurations = (
				80E35034197162DF0026E8B4 /* Debug */,
				80E35035197162DF0026E8B4 /* Release */,
			);
			defaultConfigurationIsVisible = 0;
		};
/* End XCConfigurationList section */
	};
	rootObject = 80E3500C197162DF0026E8B4 /* Project object */;
}
